
Microsoft Visual Studio Solution File, Format Version 12.00
# Visual Studio 14
VisualStudioVersion = 14.0.24720.0
MinimumVisualStudioVersion = 10.0.40219.1
Project("{2150E333-8FDC-42A3-9474-1A3956D46DE8}") = "UI", "UI", "{5DE4B6F9-BEA0-46ED-BD06-D205881F85BA}"
EndProject
Project("{2150E333-8FDC-42A3-9474-1A3956D46DE8}") = "Core", "Core", "{EBE6A1A9-3ABA-4499-87EB-BB5EE401E221}"
EndProject
Project("{FAE04EC0-301F-11D3-BF4B-00C04F79EFBC}") = "VTSClient.UI.Droid", "VTSClient.UI\VTSClient.UI.Droid\VTSClient.UI.Droid.csproj", "{31F72278-F1D0-4F9F-80FC-E23E840BE142}"
EndProject
Project("{FAE04EC0-301F-11D3-BF4B-00C04F79EFBC}") = "VTSClient.UI.iOS", "VTSClient.UI\VTSClient.UI.iOS\VTSClient.UI.iOS.csproj", "{034372AE-F8CA-434B-AEA8-78649FA3C97A}"
EndProject
Project("{FAE04EC0-301F-11D3-BF4B-00C04F79EFBC}") = "VTSClient.UI.WinPhone", "VTSClient.UI\VTSClient.UI.WinPhone\VTSClient.UI.WinPhone.csproj", "{50EC048F-91D4-450C-8D4F-A754A6F390F8}"
EndProject
Project("{FAE04EC0-301F-11D3-BF4B-00C04F79EFBC}") = "VTSClient.UI", "VTSClient.UI\VTSClient.UI\VTSClient.UI.csproj", "{C9077FD0-5EAD-404D-B1FD-2D51FBC2EC64}"
EndProject
Project("{FAE04EC0-301F-11D3-BF4B-00C04F79EFBC}") = "VTSClient.BusinessLogic", "VTSClient.BusinessLogic\VTSClient.BusinessLogic.csproj", "{3C955D13-C090-46B3-963B-0BBDD1243616}"
EndProject
Project("{FAE04EC0-301F-11D3-BF4B-00C04F79EFBC}") = "VTSClient.DataAccess", "VTSClient.DataAccess\VTSClient.DataAccess.csproj", "{3163BFB9-2B7F-4295-8684-647DF2612AF4}"
EndProject
Global
	GlobalSection(SolutionConfigurationPlatforms) = preSolution
		Ad-Hoc|Any CPU = Ad-Hoc|Any CPU
		Ad-Hoc|ARM = Ad-Hoc|ARM
		Ad-Hoc|iPhone = Ad-Hoc|iPhone
		Ad-Hoc|iPhoneSimulator = Ad-Hoc|iPhoneSimulator
		Ad-Hoc|x64 = Ad-Hoc|x64
		Ad-Hoc|x86 = Ad-Hoc|x86
		AppStore|Any CPU = AppStore|Any CPU
		AppStore|ARM = AppStore|ARM
		AppStore|iPhone = AppStore|iPhone
		AppStore|iPhoneSimulator = AppStore|iPhoneSimulator
		AppStore|x64 = AppStore|x64
		AppStore|x86 = AppStore|x86
		Debug|Any CPU = Debug|Any CPU
		Debug|ARM = Debug|ARM
		Debug|iPhone = Debug|iPhone
		Debug|iPhoneSimulator = Debug|iPhoneSimulator
		Debug|x64 = Debug|x64
		Debug|x86 = Debug|x86
		Release|Any CPU = Release|Any CPU
		Release|ARM = Release|ARM
		Release|iPhone = Release|iPhone
		Release|iPhoneSimulator = Release|iPhoneSimulator
		Release|x64 = Release|x64
		Release|x86 = Release|x86
	EndGlobalSection
	GlobalSection(ProjectConfigurationPlatforms) = postSolution
		{31F72278-F1D0-4F9F-80FC-E23E840BE142}.Ad-Hoc|Any CPU.ActiveCfg = Release|Any CPU
		{31F72278-F1D0-4F9F-80FC-E23E840BE142}.Ad-Hoc|Any CPU.Build.0 = Release|Any CPU
		{31F72278-F1D0-4F9F-80FC-E23E840BE142}.Ad-Hoc|Any CPU.Deploy.0 = Release|Any CPU
		{31F72278-F1D0-4F9F-80FC-E23E840BE142}.Ad-Hoc|ARM.ActiveCfg = Release|Any CPU
		{31F72278-F1D0-4F9F-80FC-E23E840BE142}.Ad-Hoc|ARM.Build.0 = Release|Any CPU
		{31F72278-F1D0-4F9F-80FC-E23E840BE142}.Ad-Hoc|ARM.Deploy.0 = Release|Any CPU
		{31F72278-F1D0-4F9F-80FC-E23E840BE142}.Ad-Hoc|iPhone.ActiveCfg = Release|Any CPU
		{31F72278-F1D0-4F9F-80FC-E23E840BE142}.Ad-Hoc|iPhone.Build.0 = Release|Any CPU
		{31F72278-F1D0-4F9F-80FC-E23E840BE142}.Ad-Hoc|iPhone.Deploy.0 = Release|Any CPU
		{31F72278-F1D0-4F9F-80FC-E23E840BE142}.Ad-Hoc|iPhoneSimulator.ActiveCfg = Release|Any CPU
		{31F72278-F1D0-4F9F-80FC-E23E840BE142}.Ad-Hoc|iPhoneSimulator.Build.0 = Release|Any CPU
		{31F72278-F1D0-4F9F-80FC-E23E840BE142}.Ad-Hoc|iPhoneSimulator.Deploy.0 = Release|Any CPU
		{31F72278-F1D0-4F9F-80FC-E23E840BE142}.Ad-Hoc|x64.ActiveCfg = Release|Any CPU
		{31F72278-F1D0-4F9F-80FC-E23E840BE142}.Ad-Hoc|x64.Build.0 = Release|Any CPU
		{31F72278-F1D0-4F9F-80FC-E23E840BE142}.Ad-Hoc|x64.Deploy.0 = Release|Any CPU
		{31F72278-F1D0-4F9F-80FC-E23E840BE142}.Ad-Hoc|x86.ActiveCfg = Release|Any CPU
		{31F72278-F1D0-4F9F-80FC-E23E840BE142}.Ad-Hoc|x86.Build.0 = Release|Any CPU
		{31F72278-F1D0-4F9F-80FC-E23E840BE142}.Ad-Hoc|x86.Deploy.0 = Release|Any CPU
		{31F72278-F1D0-4F9F-80FC-E23E840BE142}.AppStore|Any CPU.ActiveCfg = Release|Any CPU
		{31F72278-F1D0-4F9F-80FC-E23E840BE142}.AppStore|Any CPU.Build.0 = Release|Any CPU
		{31F72278-F1D0-4F9F-80FC-E23E840BE142}.AppStore|Any CPU.Deploy.0 = Release|Any CPU
		{31F72278-F1D0-4F9F-80FC-E23E840BE142}.AppStore|ARM.ActiveCfg = Release|Any CPU
		{31F72278-F1D0-4F9F-80FC-E23E840BE142}.AppStore|ARM.Build.0 = Release|Any CPU
		{31F72278-F1D0-4F9F-80FC-E23E840BE142}.AppStore|ARM.Deploy.0 = Release|Any CPU
		{31F72278-F1D0-4F9F-80FC-E23E840BE142}.AppStore|iPhone.ActiveCfg = Release|Any CPU
		{31F72278-F1D0-4F9F-80FC-E23E840BE142}.AppStore|iPhone.Build.0 = Release|Any CPU
		{31F72278-F1D0-4F9F-80FC-E23E840BE142}.AppStore|iPhone.Deploy.0 = Release|Any CPU
		{31F72278-F1D0-4F9F-80FC-E23E840BE142}.AppStore|iPhoneSimulator.ActiveCfg = Release|Any CPU
		{31F72278-F1D0-4F9F-80FC-E23E840BE142}.AppStore|iPhoneSimulator.Build.0 = Release|Any CPU
		{31F72278-F1D0-4F9F-80FC-E23E840BE142}.AppStore|iPhoneSimulator.Deploy.0 = Release|Any CPU
		{31F72278-F1D0-4F9F-80FC-E23E840BE142}.AppStore|x64.ActiveCfg = Release|Any CPU
		{31F72278-F1D0-4F9F-80FC-E23E840BE142}.AppStore|x64.Build.0 = Release|Any CPU
		{31F72278-F1D0-4F9F-80FC-E23E840BE142}.AppStore|x64.Deploy.0 = Release|Any CPU
		{31F72278-F1D0-4F9F-80FC-E23E840BE142}.AppStore|x86.ActiveCfg = Release|Any CPU
		{31F72278-F1D0-4F9F-80FC-E23E840BE142}.AppStore|x86.Build.0 = Release|Any CPU
		{31F72278-F1D0-4F9F-80FC-E23E840BE142}.AppStore|x86.Deploy.0 = Release|Any CPU
		{31F72278-F1D0-4F9F-80FC-E23E840BE142}.Debug|Any CPU.ActiveCfg = Debug|Any CPU
		{31F72278-F1D0-4F9F-80FC-E23E840BE142}.Debug|Any CPU.Build.0 = Debug|Any CPU
		{31F72278-F1D0-4F9F-80FC-E23E840BE142}.Debug|Any CPU.Deploy.0 = Debug|Any CPU
		{31F72278-F1D0-4F9F-80FC-E23E840BE142}.Debug|ARM.ActiveCfg = Debug|Any CPU
		{31F72278-F1D0-4F9F-80FC-E23E840BE142}.Debug|ARM.Build.0 = Debug|Any CPU
		{31F72278-F1D0-4F9F-80FC-E23E840BE142}.Debug|ARM.Deploy.0 = Debug|Any CPU
		{31F72278-F1D0-4F9F-80FC-E23E840BE142}.Debug|iPhone.ActiveCfg = Debug|Any CPU
		{31F72278-F1D0-4F9F-80FC-E23E840BE142}.Debug|iPhone.Build.0 = Debug|Any CPU
		{31F72278-F1D0-4F9F-80FC-E23E840BE142}.Debug|iPhone.Deploy.0 = Debug|Any CPU
		{31F72278-F1D0-4F9F-80FC-E23E840BE142}.Debug|iPhoneSimulator.ActiveCfg = Debug|Any CPU
		{31F72278-F1D0-4F9F-80FC-E23E840BE142}.Debug|iPhoneSimulator.Build.0 = Debug|Any CPU
		{31F72278-F1D0-4F9F-80FC-E23E840BE142}.Debug|iPhoneSimulator.Deploy.0 = Debug|Any CPU
		{31F72278-F1D0-4F9F-80FC-E23E840BE142}.Debug|x64.ActiveCfg = Debug|Any CPU
		{31F72278-F1D0-4F9F-80FC-E23E840BE142}.Debug|x64.Build.0 = Debug|Any CPU
		{31F72278-F1D0-4F9F-80FC-E23E840BE142}.Debug|x64.Deploy.0 = Debug|Any CPU
		{31F72278-F1D0-4F9F-80FC-E23E840BE142}.Debug|x86.ActiveCfg = Debug|Any CPU
		{31F72278-F1D0-4F9F-80FC-E23E840BE142}.Debug|x86.Build.0 = Debug|Any CPU
		{31F72278-F1D0-4F9F-80FC-E23E840BE142}.Debug|x86.Deploy.0 = Debug|Any CPU
		{31F72278-F1D0-4F9F-80FC-E23E840BE142}.Release|Any CPU.ActiveCfg = Release|Any CPU
		{31F72278-F1D0-4F9F-80FC-E23E840BE142}.Release|Any CPU.Build.0 = Release|Any CPU
		{31F72278-F1D0-4F9F-80FC-E23E840BE142}.Release|Any CPU.Deploy.0 = Release|Any CPU
		{31F72278-F1D0-4F9F-80FC-E23E840BE142}.Release|ARM.ActiveCfg = Release|Any CPU
		{31F72278-F1D0-4F9F-80FC-E23E840BE142}.Release|ARM.Build.0 = Release|Any CPU
		{31F72278-F1D0-4F9F-80FC-E23E840BE142}.Release|ARM.Deploy.0 = Release|Any CPU
		{31F72278-F1D0-4F9F-80FC-E23E840BE142}.Release|iPhone.ActiveCfg = Release|Any CPU
		{31F72278-F1D0-4F9F-80FC-E23E840BE142}.Release|iPhone.Build.0 = Release|Any CPU
		{31F72278-F1D0-4F9F-80FC-E23E840BE142}.Release|iPhone.Deploy.0 = Release|Any CPU
		{31F72278-F1D0-4F9F-80FC-E23E840BE142}.Release|iPhoneSimulator.ActiveCfg = Release|Any CPU
		{31F72278-F1D0-4F9F-80FC-E23E840BE142}.Release|iPhoneSimulator.Build.0 = Release|Any CPU
		{31F72278-F1D0-4F9F-80FC-E23E840BE142}.Release|iPhoneSimulator.Deploy.0 = Release|Any CPU
		{31F72278-F1D0-4F9F-80FC-E23E840BE142}.Release|x64.ActiveCfg = Release|Any CPU
		{31F72278-F1D0-4F9F-80FC-E23E840BE142}.Release|x64.Build.0 = Release|Any CPU
		{31F72278-F1D0-4F9F-80FC-E23E840BE142}.Release|x64.Deploy.0 = Release|Any CPU
		{31F72278-F1D0-4F9F-80FC-E23E840BE142}.Release|x86.ActiveCfg = Release|Any CPU
		{31F72278-F1D0-4F9F-80FC-E23E840BE142}.Release|x86.Build.0 = Release|Any CPU
		{31F72278-F1D0-4F9F-80FC-E23E840BE142}.Release|x86.Deploy.0 = Release|Any CPU
		{034372AE-F8CA-434B-AEA8-78649FA3C97A}.Ad-Hoc|Any CPU.ActiveCfg = Ad-Hoc|iPhone
		{034372AE-F8CA-434B-AEA8-78649FA3C97A}.Ad-Hoc|ARM.ActiveCfg = Ad-Hoc|iPhone
		{034372AE-F8CA-434B-AEA8-78649FA3C97A}.Ad-Hoc|iPhone.ActiveCfg = Ad-Hoc|iPhone
		{034372AE-F8CA-434B-AEA8-78649FA3C97A}.Ad-Hoc|iPhone.Build.0 = Ad-Hoc|iPhone
		{034372AE-F8CA-434B-AEA8-78649FA3C97A}.Ad-Hoc|iPhoneSimulator.ActiveCfg = Ad-Hoc|iPhoneSimulator
		{034372AE-F8CA-434B-AEA8-78649FA3C97A}.Ad-Hoc|iPhoneSimulator.Build.0 = Ad-Hoc|iPhoneSimulator
		{034372AE-F8CA-434B-AEA8-78649FA3C97A}.Ad-Hoc|x64.ActiveCfg = Ad-Hoc|iPhone
		{034372AE-F8CA-434B-AEA8-78649FA3C97A}.Ad-Hoc|x86.ActiveCfg = Ad-Hoc|iPhone
		{034372AE-F8CA-434B-AEA8-78649FA3C97A}.AppStore|Any CPU.ActiveCfg = AppStore|iPhone
		{034372AE-F8CA-434B-AEA8-78649FA3C97A}.AppStore|ARM.ActiveCfg = AppStore|iPhone
		{034372AE-F8CA-434B-AEA8-78649FA3C97A}.AppStore|iPhone.ActiveCfg = AppStore|iPhone
		{034372AE-F8CA-434B-AEA8-78649FA3C97A}.AppStore|iPhone.Build.0 = AppStore|iPhone
		{034372AE-F8CA-434B-AEA8-78649FA3C97A}.AppStore|iPhoneSimulator.ActiveCfg = AppStore|iPhoneSimulator
		{034372AE-F8CA-434B-AEA8-78649FA3C97A}.AppStore|iPhoneSimulator.Build.0 = AppStore|iPhoneSimulator
		{034372AE-F8CA-434B-AEA8-78649FA3C97A}.AppStore|x64.ActiveCfg = AppStore|iPhone
		{034372AE-F8CA-434B-AEA8-78649FA3C97A}.AppStore|x86.ActiveCfg = AppStore|iPhone
		{034372AE-F8CA-434B-AEA8-78649FA3C97A}.Debug|Any CPU.ActiveCfg = Debug|iPhone
		{034372AE-F8CA-434B-AEA8-78649FA3C97A}.Debug|ARM.ActiveCfg = Debug|iPhone
		{034372AE-F8CA-434B-AEA8-78649FA3C97A}.Debug|iPhone.ActiveCfg = Debug|iPhone
		{034372AE-F8CA-434B-AEA8-78649FA3C97A}.Debug|iPhone.Build.0 = Debug|iPhone
		{034372AE-F8CA-434B-AEA8-78649FA3C97A}.Debug|iPhoneSimulator.ActiveCfg = Debug|iPhoneSimulator
		{034372AE-F8CA-434B-AEA8-78649FA3C97A}.Debug|iPhoneSimulator.Build.0 = Debug|iPhoneSimulator
		{034372AE-F8CA-434B-AEA8-78649FA3C97A}.Debug|x64.ActiveCfg = Debug|iPhone
		{034372AE-F8CA-434B-AEA8-78649FA3C97A}.Debug|x86.ActiveCfg = Debug|iPhone
		{034372AE-F8CA-434B-AEA8-78649FA3C97A}.Release|Any CPU.ActiveCfg = Release|iPhone
		{034372AE-F8CA-434B-AEA8-78649FA3C97A}.Release|ARM.ActiveCfg = Release|iPhone
		{034372AE-F8CA-434B-AEA8-78649FA3C97A}.Release|iPhone.ActiveCfg = Release|iPhone
		{034372AE-F8CA-434B-AEA8-78649FA3C97A}.Release|iPhone.Build.0 = Release|iPhone
		{034372AE-F8CA-434B-AEA8-78649FA3C97A}.Release|iPhoneSimulator.ActiveCfg = Release|iPhoneSimulator
		{034372AE-F8CA-434B-AEA8-78649FA3C97A}.Release|iPhoneSimulator.Build.0 = Release|iPhoneSimulator
		{034372AE-F8CA-434B-AEA8-78649FA3C97A}.Release|x64.ActiveCfg = Release|iPhone
		{034372AE-F8CA-434B-AEA8-78649FA3C97A}.Release|x86.ActiveCfg = Release|iPhone
		{50EC048F-91D4-450C-8D4F-A754A6F390F8}.Ad-Hoc|Any CPU.ActiveCfg = Release|Any CPU
		{50EC048F-91D4-450C-8D4F-A754A6F390F8}.Ad-Hoc|Any CPU.Build.0 = Release|Any CPU
		{50EC048F-91D4-450C-8D4F-A754A6F390F8}.Ad-Hoc|Any CPU.Deploy.0 = Release|Any CPU
		{50EC048F-91D4-450C-8D4F-A754A6F390F8}.Ad-Hoc|ARM.ActiveCfg = Release|ARM
		{50EC048F-91D4-450C-8D4F-A754A6F390F8}.Ad-Hoc|ARM.Build.0 = Release|ARM
		{50EC048F-91D4-450C-8D4F-A754A6F390F8}.Ad-Hoc|ARM.Deploy.0 = Release|ARM
		{50EC048F-91D4-450C-8D4F-A754A6F390F8}.Ad-Hoc|iPhone.ActiveCfg = Release|Any CPU
		{50EC048F-91D4-450C-8D4F-A754A6F390F8}.Ad-Hoc|iPhone.Build.0 = Release|Any CPU
		{50EC048F-91D4-450C-8D4F-A754A6F390F8}.Ad-Hoc|iPhone.Deploy.0 = Release|Any CPU
		{50EC048F-91D4-450C-8D4F-A754A6F390F8}.Ad-Hoc|iPhoneSimulator.ActiveCfg = Release|Any CPU
		{50EC048F-91D4-450C-8D4F-A754A6F390F8}.Ad-Hoc|iPhoneSimulator.Build.0 = Release|Any CPU
		{50EC048F-91D4-450C-8D4F-A754A6F390F8}.Ad-Hoc|iPhoneSimulator.Deploy.0 = Release|Any CPU
		{50EC048F-91D4-450C-8D4F-A754A6F390F8}.Ad-Hoc|x64.ActiveCfg = Release|Any CPU
		{50EC048F-91D4-450C-8D4F-A754A6F390F8}.Ad-Hoc|x64.Build.0 = Release|Any CPU
		{50EC048F-91D4-450C-8D4F-A754A6F390F8}.Ad-Hoc|x64.Deploy.0 = Release|Any CPU
		{50EC048F-91D4-450C-8D4F-A754A6F390F8}.Ad-Hoc|x86.ActiveCfg = Release|x86
		{50EC048F-91D4-450C-8D4F-A754A6F390F8}.Ad-Hoc|x86.Build.0 = Release|x86
		{50EC048F-91D4-450C-8D4F-A754A6F390F8}.Ad-Hoc|x86.Deploy.0 = Release|x86
		{50EC048F-91D4-450C-8D4F-A754A6F390F8}.AppStore|Any CPU.ActiveCfg = Release|Any CPU
		{50EC048F-91D4-450C-8D4F-A754A6F390F8}.AppStore|Any CPU.Build.0 = Release|Any CPU
		{50EC048F-91D4-450C-8D4F-A754A6F390F8}.AppStore|Any CPU.Deploy.0 = Release|Any CPU
		{50EC048F-91D4-450C-8D4F-A754A6F390F8}.AppStore|ARM.ActiveCfg = Release|ARM
		{50EC048F-91D4-450C-8D4F-A754A6F390F8}.AppStore|ARM.Build.0 = Release|ARM
		{50EC048F-91D4-450C-8D4F-A754A6F390F8}.AppStore|ARM.Deploy.0 = Release|ARM
		{50EC048F-91D4-450C-8D4F-A754A6F390F8}.AppStore|iPhone.ActiveCfg = Release|Any CPU
		{50EC048F-91D4-450C-8D4F-A754A6F390F8}.AppStore|iPhone.Build.0 = Release|Any CPU
		{50EC048F-91D4-450C-8D4F-A754A6F390F8}.AppStore|iPhone.Deploy.0 = Release|Any CPU
		{50EC048F-91D4-450C-8D4F-A754A6F390F8}.AppStore|iPhoneSimulator.ActiveCfg = Release|Any CPU
		{50EC048F-91D4-450C-8D4F-A754A6F390F8}.AppStore|iPhoneSimulator.Build.0 = Release|Any CPU
		{50EC048F-91D4-450C-8D4F-A754A6F390F8}.AppStore|iPhoneSimulator.Deploy.0 = Release|Any CPU
		{50EC048F-91D4-450C-8D4F-A754A6F390F8}.AppStore|x64.ActiveCfg = Release|Any CPU
		{50EC048F-91D4-450C-8D4F-A754A6F390F8}.AppStore|x64.Build.0 = Release|Any CPU
		{50EC048F-91D4-450C-8D4F-A754A6F390F8}.AppStore|x64.Deploy.0 = Release|Any CPU
		{50EC048F-91D4-450C-8D4F-A754A6F390F8}.AppStore|x86.ActiveCfg = Release|x86
		{50EC048F-91D4-450C-8D4F-A754A6F390F8}.AppStore|x86.Build.0 = Release|x86
		{50EC048F-91D4-450C-8D4F-A754A6F390F8}.AppStore|x86.Deploy.0 = Release|x86
		{50EC048F-91D4-450C-8D4F-A754A6F390F8}.Debug|Any CPU.ActiveCfg = Debug|Any CPU
		{50EC048F-91D4-450C-8D4F-A754A6F390F8}.Debug|Any CPU.Build.0 = Debug|Any CPU
		{50EC048F-91D4-450C-8D4F-A754A6F390F8}.Debug|Any CPU.Deploy.0 = Debug|Any CPU
		{50EC048F-91D4-450C-8D4F-A754A6F390F8}.Debug|ARM.ActiveCfg = Debug|ARM
		{50EC048F-91D4-450C-8D4F-A754A6F390F8}.Debug|ARM.Build.0 = Debug|ARM
		{50EC048F-91D4-450C-8D4F-A754A6F390F8}.Debug|ARM.Deploy.0 = Debug|ARM
		{50EC048F-91D4-450C-8D4F-A754A6F390F8}.Debug|iPhone.ActiveCfg = Debug|Any CPU
		{50EC048F-91D4-450C-8D4F-A754A6F390F8}.Debug|iPhone.Build.0 = Debug|Any CPU
		{50EC048F-91D4-450C-8D4F-A754A6F390F8}.Debug|iPhone.Deploy.0 = Debug|Any CPU
		{50EC048F-91D4-450C-8D4F-A754A6F390F8}.Debug|iPhoneSimulator.ActiveCfg = Debug|Any CPU
		{50EC048F-91D4-450C-8D4F-A754A6F390F8}.Debug|iPhoneSimulator.Build.0 = Debug|Any CPU
		{50EC048F-91D4-450C-8D4F-A754A6F390F8}.Debug|iPhoneSimulator.Deploy.0 = Debug|Any CPU
		{50EC048F-91D4-450C-8D4F-A754A6F390F8}.Debug|x64.ActiveCfg = Debug|Any CPU
		{50EC048F-91D4-450C-8D4F-A754A6F390F8}.Debug|x64.Build.0 = Debug|Any CPU
		{50EC048F-91D4-450C-8D4F-A754A6F390F8}.Debug|x64.Deploy.0 = Debug|Any CPU
		{50EC048F-91D4-450C-8D4F-A754A6F390F8}.Debug|x86.ActiveCfg = Debug|x86
		{50EC048F-91D4-450C-8D4F-A754A6F390F8}.Debug|x86.Build.0 = Debug|x86
		{50EC048F-91D4-450C-8D4F-A754A6F390F8}.Debug|x86.Deploy.0 = Debug|x86
		{50EC048F-91D4-450C-8D4F-A754A6F390F8}.Release|Any CPU.ActiveCfg = Release|Any CPU
		{50EC048F-91D4-450C-8D4F-A754A6F390F8}.Release|Any CPU.Build.0 = Release|Any CPU
		{50EC048F-91D4-450C-8D4F-A754A6F390F8}.Release|Any CPU.Deploy.0 = Release|Any CPU
		{50EC048F-91D4-450C-8D4F-A754A6F390F8}.Release|ARM.ActiveCfg = Release|ARM
		{50EC048F-91D4-450C-8D4F-A754A6F390F8}.Release|ARM.Build.0 = Release|ARM
		{50EC048F-91D4-450C-8D4F-A754A6F390F8}.Release|ARM.Deploy.0 = Release|ARM
		{50EC048F-91D4-450C-8D4F-A754A6F390F8}.Release|iPhone.ActiveCfg = Release|Any CPU
		{50EC048F-91D4-450C-8D4F-A754A6F390F8}.Release|iPhone.Build.0 = Release|Any CPU
		{50EC048F-91D4-450C-8D4F-A754A6F390F8}.Release|iPhone.Deploy.0 = Release|Any CPU
		{50EC048F-91D4-450C-8D4F-A754A6F390F8}.Release|iPhoneSimulator.ActiveCfg = Release|Any CPU
		{50EC048F-91D4-450C-8D4F-A754A6F390F8}.Release|iPhoneSimulator.Build.0 = Release|Any CPU
		{50EC048F-91D4-450C-8D4F-A754A6F390F8}.Release|iPhoneSimulator.Deploy.0 = Release|Any CPU
		{50EC048F-91D4-450C-8D4F-A754A6F390F8}.Release|x64.ActiveCfg = Release|Any CPU
		{50EC048F-91D4-450C-8D4F-A754A6F390F8}.Release|x64.Build.0 = Release|Any CPU
		{50EC048F-91D4-450C-8D4F-A754A6F390F8}.Release|x64.Deploy.0 = Release|Any CPU
		{50EC048F-91D4-450C-8D4F-A754A6F390F8}.Release|x86.ActiveCfg = Release|x86
		{50EC048F-91D4-450C-8D4F-A754A6F390F8}.Release|x86.Build.0 = Release|x86
		{50EC048F-91D4-450C-8D4F-A754A6F390F8}.Release|x86.Deploy.0 = Release|x86
		{C9077FD0-5EAD-404D-B1FD-2D51FBC2EC64}.Ad-Hoc|Any CPU.ActiveCfg = Release|Any CPU
		{C9077FD0-5EAD-404D-B1FD-2D51FBC2EC64}.Ad-Hoc|Any CPU.Build.0 = Release|Any CPU
		{C9077FD0-5EAD-404D-B1FD-2D51FBC2EC64}.Ad-Hoc|ARM.ActiveCfg = Release|Any CPU
		{C9077FD0-5EAD-404D-B1FD-2D51FBC2EC64}.Ad-Hoc|ARM.Build.0 = Release|Any CPU
		{C9077FD0-5EAD-404D-B1FD-2D51FBC2EC64}.Ad-Hoc|iPhone.ActiveCfg = Release|Any CPU
		{C9077FD0-5EAD-404D-B1FD-2D51FBC2EC64}.Ad-Hoc|iPhone.Build.0 = Release|Any CPU
		{C9077FD0-5EAD-404D-B1FD-2D51FBC2EC64}.Ad-Hoc|iPhoneSimulator.ActiveCfg = Release|Any CPU
		{C9077FD0-5EAD-404D-B1FD-2D51FBC2EC64}.Ad-Hoc|iPhoneSimulator.Build.0 = Release|Any CPU
		{C9077FD0-5EAD-404D-B1FD-2D51FBC2EC64}.Ad-Hoc|x64.ActiveCfg = Release|Any CPU
		{C9077FD0-5EAD-404D-B1FD-2D51FBC2EC64}.Ad-Hoc|x64.Build.0 = Release|Any CPU
		{C9077FD0-5EAD-404D-B1FD-2D51FBC2EC64}.Ad-Hoc|x86.ActiveCfg = Release|Any CPU
		{C9077FD0-5EAD-404D-B1FD-2D51FBC2EC64}.Ad-Hoc|x86.Build.0 = Release|Any CPU
		{C9077FD0-5EAD-404D-B1FD-2D51FBC2EC64}.AppStore|Any CPU.ActiveCfg = Release|Any CPU
		{C9077FD0-5EAD-404D-B1FD-2D51FBC2EC64}.AppStore|Any CPU.Build.0 = Release|Any CPU
		{C9077FD0-5EAD-404D-B1FD-2D51FBC2EC64}.AppStore|ARM.ActiveCfg = Release|Any CPU
		{C9077FD0-5EAD-404D-B1FD-2D51FBC2EC64}.AppStore|ARM.Build.0 = Release|Any CPU
		{C9077FD0-5EAD-404D-B1FD-2D51FBC2EC64}.AppStore|iPhone.ActiveCfg = Release|Any CPU
		{C9077FD0-5EAD-404D-B1FD-2D51FBC2EC64}.AppStore|iPhone.Build.0 = Release|Any CPU
		{C9077FD0-5EAD-404D-B1FD-2D51FBC2EC64}.AppStore|iPhoneSimulator.ActiveCfg = Release|Any CPU
		{C9077FD0-5EAD-404D-B1FD-2D51FBC2EC64}.AppStore|iPhoneSimulator.Build.0 = Release|Any CPU
		{C9077FD0-5EAD-404D-B1FD-2D51FBC2EC64}.AppStore|x64.ActiveCfg = Release|Any CPU
		{C9077FD0-5EAD-404D-B1FD-2D51FBC2EC64}.AppStore|x64.Build.0 = Release|Any CPU
		{C9077FD0-5EAD-404D-B1FD-2D51FBC2EC64}.AppStore|x86.ActiveCfg = Release|Any CPU
		{C9077FD0-5EAD-404D-B1FD-2D51FBC2EC64}.AppStore|x86.Build.0 = Release|Any CPU
		{C9077FD0-5EAD-404D-B1FD-2D51FBC2EC64}.Debug|Any CPU.ActiveCfg = Debug|Any CPU
		{C9077FD0-5EAD-404D-B1FD-2D51FBC2EC64}.Debug|Any CPU.Build.0 = Debug|Any CPU
		{C9077FD0-5EAD-404D-B1FD-2D51FBC2EC64}.Debug|ARM.ActiveCfg = Debug|Any CPU
		{C9077FD0-5EAD-404D-B1FD-2D51FBC2EC64}.Debug|ARM.Build.0 = Debug|Any CPU
		{C9077FD0-5EAD-404D-B1FD-2D51FBC2EC64}.Debug|iPhone.ActiveCfg = Debug|Any CPU
		{C9077FD0-5EAD-404D-B1FD-2D51FBC2EC64}.Debug|iPhone.Build.0 = Debug|Any CPU
		{C9077FD0-5EAD-404D-B1FD-2D51FBC2EC64}.Debug|iPhoneSimulator.ActiveCfg = Debug|Any CPU
		{C9077FD0-5EAD-404D-B1FD-2D51FBC2EC64}.Debug|iPhoneSimulator.Build.0 = Debug|Any CPU
		{C9077FD0-5EAD-404D-B1FD-2D51FBC2EC64}.Debug|x64.ActiveCfg = Debug|Any CPU
		{C9077FD0-5EAD-404D-B1FD-2D51FBC2EC64}.Debug|x64.Build.0 = Debug|Any CPU
		{C9077FD0-5EAD-404D-B1FD-2D51FBC2EC64}.Debug|x86.ActiveCfg = Debug|Any CPU
		{C9077FD0-5EAD-404D-B1FD-2D51FBC2EC64}.Debug|x86.Build.0 = Debug|Any CPU
		{C9077FD0-5EAD-404D-B1FD-2D51FBC2EC64}.Release|Any CPU.ActiveCfg = Release|Any CPU
		{C9077FD0-5EAD-404D-B1FD-2D51FBC2EC64}.Release|Any CPU.Build.0 = Release|Any CPU
		{C9077FD0-5EAD-404D-B1FD-2D51FBC2EC64}.Release|ARM.ActiveCfg = Release|Any CPU
		{C9077FD0-5EAD-404D-B1FD-2D51FBC2EC64}.Release|ARM.Build.0 = Release|Any CPU
		{C9077FD0-5EAD-404D-B1FD-2D51FBC2EC64}.Release|iPhone.ActiveCfg = Release|Any CPU
		{C9077FD0-5EAD-404D-B1FD-2D51FBC2EC64}.Release|iPhone.Build.0 = Release|Any CPU
		{C9077FD0-5EAD-404D-B1FD-2D51FBC2EC64}.Release|iPhoneSimulator.ActiveCfg = Release|Any CPU
		{C9077FD0-5EAD-404D-B1FD-2D51FBC2EC64}.Release|iPhoneSimulator.Build.0 = Release|Any CPU
		{C9077FD0-5EAD-404D-B1FD-2D51FBC2EC64}.Release|x64.ActiveCfg = Release|Any CPU
		{C9077FD0-5EAD-404D-B1FD-2D51FBC2EC64}.Release|x64.Build.0 = Release|Any CPU
		{C9077FD0-5EAD-404D-B1FD-2D51FBC2EC64}.Release|x86.ActiveCfg = Release|Any CPU
		{C9077FD0-5EAD-404D-B1FD-2D51FBC2EC64}.Release|x86.Build.0 = Release|Any CPU
		{3C955D13-C090-46B3-963B-0BBDD1243616}.Ad-Hoc|Any CPU.ActiveCfg = Release|Any CPU
		{3C955D13-C090-46B3-963B-0BBDD1243616}.Ad-Hoc|Any CPU.Build.0 = Release|Any CPU
		{3C955D13-C090-46B3-963B-0BBDD1243616}.Ad-Hoc|ARM.ActiveCfg = Release|Any CPU
		{3C955D13-C090-46B3-963B-0BBDD1243616}.Ad-Hoc|ARM.Build.0 = Release|Any CPU
		{3C955D13-C090-46B3-963B-0BBDD1243616}.Ad-Hoc|iPhone.ActiveCfg = Release|Any CPU
		{3C955D13-C090-46B3-963B-0BBDD1243616}.Ad-Hoc|iPhone.Build.0 = Release|Any CPU
		{3C955D13-C090-46B3-963B-0BBDD1243616}.Ad-Hoc|iPhoneSimulator.ActiveCfg = Release|Any CPU
		{3C955D13-C090-46B3-963B-0BBDD1243616}.Ad-Hoc|iPhoneSimulator.Build.0 = Release|Any CPU
		{3C955D13-C090-46B3-963B-0BBDD1243616}.Ad-Hoc|x64.ActiveCfg = Release|Any CPU
		{3C955D13-C090-46B3-963B-0BBDD1243616}.Ad-Hoc|x64.Build.0 = Release|Any CPU
		{3C955D13-C090-46B3-963B-0BBDD1243616}.Ad-Hoc|x86.ActiveCfg = Release|Any CPU
		{3C955D13-C090-46B3-963B-0BBDD1243616}.Ad-Hoc|x86.Build.0 = Release|Any CPU
		{3C955D13-C090-46B3-963B-0BBDD1243616}.AppStore|Any CPU.ActiveCfg = Release|Any CPU
		{3C955D13-C090-46B3-963B-0BBDD1243616}.AppStore|Any CPU.Build.0 = Release|Any CPU
		{3C955D13-C090-46B3-963B-0BBDD1243616}.AppStore|ARM.ActiveCfg = Release|Any CPU
		{3C955D13-C090-46B3-963B-0BBDD1243616}.AppStore|ARM.Build.0 = Release|Any CPU
		{3C955D13-C090-46B3-963B-0BBDD1243616}.AppStore|iPhone.ActiveCfg = Release|Any CPU
		{3C955D13-C090-46B3-963B-0BBDD1243616}.AppStore|iPhone.Build.0 = Release|Any CPU
		{3C955D13-C090-46B3-963B-0BBDD1243616}.AppStore|iPhoneSimulator.ActiveCfg = Release|Any CPU
		{3C955D13-C090-46B3-963B-0BBDD1243616}.AppStore|iPhoneSimulator.Build.0 = Release|Any CPU
		{3C955D13-C090-46B3-963B-0BBDD1243616}.AppStore|x64.ActiveCfg = Release|Any CPU
		{3C955D13-C090-46B3-963B-0BBDD1243616}.AppStore|x64.Build.0 = Release|Any CPU
		{3C955D13-C090-46B3-963B-0BBDD1243616}.AppStore|x86.ActiveCfg = Release|Any CPU
		{3C955D13-C090-46B3-963B-0BBDD1243616}.AppStore|x86.Build.0 = Release|Any CPU
		{3C955D13-C090-46B3-963B-0BBDD1243616}.Debug|Any CPU.ActiveCfg = Debug|Any CPU
		{3C955D13-C090-46B3-963B-0BBDD1243616}.Debug|Any CPU.Build.0 = Debug|Any CPU
		{3C955D13-C090-46B3-963B-0BBDD1243616}.Debug|ARM.ActiveCfg = Debug|Any CPU
		{3C955D13-C090-46B3-963B-0BBDD1243616}.Debug|ARM.Build.0 = Debug|Any CPU
		{3C955D13-C090-46B3-963B-0BBDD1243616}.Debug|iPhone.ActiveCfg = Debug|Any CPU
		{3C955D13-C090-46B3-963B-0BBDD1243616}.Debug|iPhone.Build.0 = Debug|Any CPU
		{3C955D13-C090-46B3-963B-0BBDD1243616}.Debug|iPhoneSimulator.ActiveCfg = Debug|Any CPU
		{3C955D13-C090-46B3-963B-0BBDD1243616}.Debug|iPhoneSimulator.Build.0 = Debug|Any CPU
		{3C955D13-C090-46B3-963B-0BBDD1243616}.Debug|x64.ActiveCfg = Debug|Any CPU
		{3C955D13-C090-46B3-963B-0BBDD1243616}.Debug|x64.Build.0 = Debug|Any CPU
		{3C955D13-C090-46B3-963B-0BBDD1243616}.Debug|x86.ActiveCfg = Debug|Any CPU
		{3C955D13-C090-46B3-963B-0BBDD1243616}.Debug|x86.Build.0 = Debug|Any CPU
		{3C955D13-C090-46B3-963B-0BBDD1243616}.Release|Any CPU.ActiveCfg = Release|Any CPU
		{3C955D13-C090-46B3-963B-0BBDD1243616}.Release|Any CPU.Build.0 = Release|Any CPU
		{3C955D13-C090-46B3-963B-0BBDD1243616}.Release|ARM.ActiveCfg = Release|Any CPU
		{3C955D13-C090-46B3-963B-0BBDD1243616}.Release|ARM.Build.0 = Release|Any CPU
		{3C955D13-C090-46B3-963B-0BBDD1243616}.Release|iPhone.ActiveCfg = Release|Any CPU
		{3C955D13-C090-46B3-963B-0BBDD1243616}.Release|iPhone.Build.0 = Release|Any CPU
		{3C955D13-C090-46B3-963B-0BBDD1243616}.Release|iPhoneSimulator.ActiveCfg = Release|Any CPU
		{3C955D13-C090-46B3-963B-0BBDD1243616}.Release|iPhoneSimulator.Build.0 = Release|Any CPU
		{3C955D13-C090-46B3-963B-0BBDD1243616}.Release|x64.ActiveCfg = Release|Any CPU
		{3C955D13-C090-46B3-963B-0BBDD1243616}.Release|x64.Build.0 = Release|Any CPU
		{3C955D13-C090-46B3-963B-0BBDD1243616}.Release|x86.ActiveCfg = Release|Any CPU
		{3C955D13-C090-46B3-963B-0BBDD1243616}.Release|x86.Build.0 = Release|Any CPU
		{3163BFB9-2B7F-4295-8684-647DF2612AF4}.Ad-Hoc|Any CPU.ActiveCfg = Release|Any CPU
		{3163BFB9-2B7F-4295-8684-647DF2612AF4}.Ad-Hoc|Any CPU.Build.0 = Release|Any CPU
		{3163BFB9-2B7F-4295-8684-647DF2612AF4}.Ad-Hoc|ARM.ActiveCfg = Release|Any CPU
		{3163BFB9-2B7F-4295-8684-647DF2612AF4}.Ad-Hoc|ARM.Build.0 = Release|Any CPU
		{3163BFB9-2B7F-4295-8684-647DF2612AF4}.Ad-Hoc|iPhone.ActiveCfg = Release|Any CPU
		{3163BFB9-2B7F-4295-8684-647DF2612AF4}.Ad-Hoc|iPhone.Build.0 = Release|Any CPU
		{3163BFB9-2B7F-4295-8684-647DF2612AF4}.Ad-Hoc|iPhoneSimulator.ActiveCfg = Release|Any CPU
		{3163BFB9-2B7F-4295-8684-647DF2612AF4}.Ad-Hoc|iPhoneSimulator.Build.0 = Release|Any CPU
		{3163BFB9-2B7F-4295-8684-647DF2612AF4}.Ad-Hoc|x64.ActiveCfg = Release|Any CPU
		{3163BFB9-2B7F-4295-8684-647DF2612AF4}.Ad-Hoc|x64.Build.0 = Release|Any CPU
		{3163BFB9-2B7F-4295-8684-647DF2612AF4}.Ad-Hoc|x86.ActiveCfg = Release|Any CPU
		{3163BFB9-2B7F-4295-8684-647DF2612AF4}.Ad-Hoc|x86.Build.0 = Release|Any CPU
		{3163BFB9-2B7F-4295-8684-647DF2612AF4}.AppStore|Any CPU.ActiveCfg = Release|Any CPU
		{3163BFB9-2B7F-4295-8684-647DF2612AF4}.AppStore|Any CPU.Build.0 = Release|Any CPU
		{3163BFB9-2B7F-4295-8684-647DF2612AF4}.AppStore|ARM.ActiveCfg = Release|Any CPU
		{3163BFB9-2B7F-4295-8684-647DF2612AF4}.AppStore|ARM.Build.0 = Release|Any CPU
		{3163BFB9-2B7F-4295-8684-647DF2612AF4}.AppStore|iPhone.ActiveCfg = Release|Any CPU
		{3163BFB9-2B7F-4295-8684-647DF2612AF4}.AppStore|iPhone.Build.0 = Release|Any CPU
		{3163BFB9-2B7F-4295-8684-647DF2612AF4}.AppStore|iPhoneSimulator.ActiveCfg = Release|Any CPU
		{3163BFB9-2B7F-4295-8684-647DF2612AF4}.AppStore|iPhoneSimulator.Build.0 = Release|Any CPU
		{3163BFB9-2B7F-4295-8684-647DF2612AF4}.AppStore|x64.ActiveCfg = Release|Any CPU
		{3163BFB9-2B7F-4295-8684-647DF2612AF4}.AppStore|x64.Build.0 = Release|Any CPU
		{3163BFB9-2B7F-4295-8684-647DF2612AF4}.AppStore|x86.ActiveCfg = Release|Any CPU
		{3163BFB9-2B7F-4295-8684-647DF2612AF4}.AppStore|x86.Build.0 = Release|Any CPU
		{3163BFB9-2B7F-4295-8684-647DF2612AF4}.Debug|Any CPU.ActiveCfg = Debug|Any CPU
		{3163BFB9-2B7F-4295-8684-647DF2612AF4}.Debug|Any CPU.Build.0 = Debug|Any CPU
		{3163BFB9-2B7F-4295-8684-647DF2612AF4}.Debug|ARM.ActiveCfg = Debug|Any CPU
		{3163BFB9-2B7F-4295-8684-647DF2612AF4}.Debug|ARM.Build.0 = Debug|Any CPU
		{3163BFB9-2B7F-4295-8684-647DF2612AF4}.Debug|iPhone.ActiveCfg = Debug|Any CPU
		{3163BFB9-2B7F-4295-8684-647DF2612AF4}.Debug|iPhone.Build.0 = Debug|Any CPU
		{3163BFB9-2B7F-4295-8684-647DF2612AF4}.Debug|iPhoneSimulator.ActiveCfg = Debug|Any CPU
		{3163BFB9-2B7F-4295-8684-647DF2612AF4}.Debug|iPhoneSimulator.Build.0 = Debug|Any CPU
		{3163BFB9-2B7F-4295-8684-647DF2612AF4}.Debug|x64.ActiveCfg = Debug|Any CPU
		{3163BFB9-2B7F-4295-8684-647DF2612AF4}.Debug|x64.Build.0 = Debug|Any CPU
		{3163BFB9-2B7F-4295-8684-647DF2612AF4}.Debug|x86.ActiveCfg = Debug|Any CPU
		{3163BFB9-2B7F-4295-8684-647DF2612AF4}.Debug|x86.Build.0 = Debug|Any CPU
		{3163BFB9-2B7F-4295-8684-647DF2612AF4}.Release|Any CPU.ActiveCfg = Release|Any CPU
		{3163BFB9-2B7F-4295-8684-647DF2612AF4}.Release|Any CPU.Build.0 = Release|Any CPU
		{3163BFB9-2B7F-4295-8684-647DF2612AF4}.Release|ARM.ActiveCfg = Release|Any CPU
		{3163BFB9-2B7F-4295-8684-647DF2612AF4}.Release|ARM.Build.0 = Release|Any CPU
		{3163BFB9-2B7F-4295-8684-647DF2612AF4}.Release|iPhone.ActiveCfg = Release|Any CPU
		{3163BFB9-2B7F-4295-8684-647DF2612AF4}.Release|iPhone.Build.0 = Release|Any CPU
		{3163BFB9-2B7F-4295-8684-647DF2612AF4}.Release|iPhoneSimulator.ActiveCfg = Release|Any CPU
		{3163BFB9-2B7F-4295-8684-647DF2612AF4}.Release|iPhoneSimulator.Build.0 = Release|Any CPU
		{3163BFB9-2B7F-4295-8684-647DF2612AF4}.Release|x64.ActiveCfg = Release|Any CPU
		{3163BFB9-2B7F-4295-8684-647DF2612AF4}.Release|x64.Build.0 = Release|Any CPU
		{3163BFB9-2B7F-4295-8684-647DF2612AF4}.Release|x86.ActiveCfg = Release|Any CPU
		{3163BFB9-2B7F-4295-8684-647DF2612AF4}.Release|x86.Build.0 = Release|Any CPU
	EndGlobalSection
	GlobalSection(SolutionProperties) = preSolution
		HideSolutionNode = FALSE
	EndGlobalSection
	GlobalSection(NestedProjects) = preSolution
		{31F72278-F1D0-4F9F-80FC-E23E840BE142} = {5DE4B6F9-BEA0-46ED-BD06-D205881F85BA}
		{034372AE-F8CA-434B-AEA8-78649FA3C97A} = {5DE4B6F9-BEA0-46ED-BD06-D205881F85BA}
		{50EC048F-91D4-450C-8D4F-A754A6F390F8} = {5DE4B6F9-BEA0-46ED-BD06-D205881F85BA}
		{C9077FD0-5EAD-404D-B1FD-2D51FBC2EC64} = {5DE4B6F9-BEA0-46ED-BD06-D205881F85BA}
		{3C955D13-C090-46B3-963B-0BBDD1243616} = {EBE6A1A9-3ABA-4499-87EB-BB5EE401E221}
		{3163BFB9-2B7F-4295-8684-647DF2612AF4} = {EBE6A1A9-3ABA-4499-87EB-BB5EE401E221}
	EndGlobalSection
EndGlobal
